github.com/GeertJohan/go.rice v0.0.0-20170123135425-4bbccbfa39e7 h1:JJ0wm4S81aP34QpY9UsDRiMn0iM8+Pd/Cah7Zk73V/A=
github.com/GeertJohan/go.rice v0.0.0-20170123135425-4bbccbfa39e7/go.mod h1:DgrzXonpdQbfN3uYaGz1EG4Sbhyum/MMIn6Cphlh2bw=
github.com/daaku/go.zipexe v0.0.0-20150329023125-a5fe2436ffcb h1:tUf55Po0vzOendQ7NWytcdK0VuzQmfAgvGBUOQvN0WA=
github.com/daaku/go.zipexe v0.0.0-20150329023125-a5fe2436ffcb/go.mod h1:U0vRfAucUOohvdCxt5MWLF+TePIL0xbCkbKIiV8TQCE=
github.com/dchest/captcha v0.0.0-20150728125059-9e952142169c h1:r3y5YR/ZD2xb9IKSzABdU1Daav07RLuYZrrwZ25Kdq8=
github.com/dchest/captcha v0.0.0-20150728125059-9e952142169c/go.mod h1:QGrK8vMWWHQYQ3QU9bw9Y9OPNfxccGzfb41qjvVeXtY=
github.com/dustin/go-humanize v0.0.0-20170228161531-259d2a102b87 h1:uPzP/9GIqYKvZAmz4IayKMMZiWRWNtGynUREBtTXPXA=
github.com/dustin/go-humanize v0.0.0-20170228161531-259d2a102b87/go.mod h1:HtrtbFcZ19U5GC7JDqmcUSB87Iq5E25KnS6fMYU6eOk=
github.com/hlandau/passlib v1.0.9/go.mod h1:77ovAz+VLR4VrRNrNhFTSSzYhZ4iUrGpXcBeC7cVRIU=
github.com/icza/session v0.0.0-20170217095304-81bce6267720 h1:HtKkpMgUmmSiLqt3BIYfvxe1HjJ7juOs94WsvSlLy1Q=
github.com/icza/session v0.0.0-20170217095304-81bce6267720/go.mod h1:YR0WpaAv86zKUYA/9ftt0jgzHB/faiGRPx7Dk9omoew=
github.com/justinas/nosurf v0.0.0-20161004085251-8e1568277264 h1:sC9w4DjdsbpgobOl7VZidmWdm09gk27QuMD0EQZCfVc=
github.com/justinas/nosurf v0.0.0-20161004085251-8e1568277264/go.mod h1:Aucr5I5chr4OCuuVB4LTuHVrKHBuyRSo7vM2hqrcb7E=
github.com/kardianos/osext v0.0.0-20170309185600-9d302b58e975 h1:xvknIKxUQpEypzxKGX59kCIEHYKRcqBa/6jQqXiWKF0=
github.com/kardianos/osext v0.0.0-20170309185600-9d302b58e975/go.mod h1:1NbS8ALrpOvjt0rHPNLyCIeMtbizbir8U//inJ+zuB8=
github.com/nfnt/resize v0.0.0-20160724205520-891127d8d1b5 h1:BvoENQQU+fZ9uukda/RzCAL/191HHwJA5b13R6diVlY=
github.com/nfnt/resize v0.0.0-20160724205520-891127d8d1b5/go.mod h1:jpp1/29i3P1S/RLdc7JQKbRpFeM1dOBd8T9ki5s+AY8=
github.com/pressly/chi v2.0.1-0.20170219131947-57ee7612d440+incompatible h1:6NKFWaJb//afA4tMWDjiUKmlbtlSpVYiwmcWDXeoFWs=
github.com/pressly/chi v2.0.1-0.20170219131947-57ee7612d440+incompatible/go.mod h1:s/kslmeFE633XtTPvfX2olbs4ymzIHxGGXmEJ/AvPT8=
github.com/tidwall/btree v0.0.0-20170113224114-9876f1454cf0 h1:QnyrPZZvPmR0AtJCxxfCtI1qN+fYpKTKJ/5opWmZ34k=
github.com/tidwall/btree v0.0.0-20170113224114-9876f1454cf0/go.mod h1:huei1BkDWJ3/sLXmO+bsCNELL+Bp2Kks9OLyQFkzvA8=
github.com/tidwall/buntdb v0.0.0-20161202163738-74dc10171b75 h1:lBUdGHoBnfesVCZAYHc4uvAfp1irCkoZh8TQ6y0GzZ8=
github.com/tidwall/buntdb v0.0.0-20161202163738-74dc10171b75/go.mod h1:Y39xhcDW10WlyYXeLgGftXVbjtM0QP+/kpz8xl9cbzE=
github.com/tidwall/gjson v0.0.0-20170205161042-09d1c5c5bc64 h1:6/SJyMAg0OoV6FuVP97VsiTFxdG4XyisdpvSTC1IiHY=
github.com/tidwall/gjson v0.0.0-20170205161042-09d1c5c5bc64/go.mod h1:c/nTNbUr0E0OrXEhq1pwa8iEgc2DOt4ZZqAt1HtCkPA=
github.com/tidwall/grect v0.0.0-20161006141115-ba9a043346eb h1:5NSYaAdrnblKByzd7XByQEJVT8+9v0W/tIY0Oo4OwrE=
github.com/tidwall/grect v0.0.0-20161006141115-ba9a043346eb/go.mod h1:lKYYLFIr9OIgdgrtgkZ9zgRxRdvPYsExnYBsEAd8W5M=
github.com/tidwall/match v0.0.0-20160830173930-173748da739a h1:jkSy//MOkpJzPmsdrxnM+wiF/wdmVCFGegxccsSkm2Q=
github.com/tidwall/match v0.0.0-20160830173930-173748da739a/go.mod h1:LujAq0jyVjBy028G1WhWfIzbpQfMO8bBZ6Tyb0+pL9E=
github.com/tidwall/rtree v0.0.0-20160903213729-d4a8a3d30d57 h1:k1tEEozQvcJFX6AFAfaF6cCeDvIhocoTrM47VswRfCg=
github.com/tidwall/rtree v0.0.0-20160903213729-d4a8a3d30d57/go.mod h1:/h+UnNGt0IhNNJLkGikcdcJqm66zGD/uJGMRxK/9+Ao=
golang.org/x/crypto v0.0.0-20170307004051-728b753d0135 h1:1J4uClWlkoInshrQThNfNr8yziNLooz9sLHf73Kk8A4=
golang.org/x/crypto v0.0.0-20170307004051-728b753d0135/go.mod h1:6SG95UA2DQfeDnfUPMdvaQW0Q7yPrPDi9nlGo2tz2b4=
golang.org/x/crypto v0.0.0-20190308221718-c2843e01d9a2/go.mod h1:djNgcEr1/C05ACkg1iLfiJU5Ep61QUkGW8qpdssI0+w=
golang.org/x/crypto v0.0.0-20200414173820-0848c9571904 h1:bXoxMPcSLOq08zI3/c5dEBT6lE4eh+jOh886GHrn6V8=
golang.org/x/crypto v0.0.0-20200414173820-0848c9571904/go.mod h1:LzIPMQfyMNhhGPhUkYOs5KpL4U8rLKemX1yGLhDgUto=
golang.org/x/net v0.0.0-20190404232315-eb5bcb51f2a3/go.mod h1:t9HGtf8HONx5eT2rtn7q6eTqICYqUVnKs3thJo3Qplg=
golang.org/x/sys v0.0.0-20190215142949-d0b11bdaac8a/go.mod h1:STP8DvDyc/dI5b8T5hshtkjS+E42TnysNCUPdjciGhY=
golang.org/x/sys v0.0.0-20190412213103-97732733099d h1:+R4KGOnez64A81RvjARKc4UT5/tI9ujCIVX+P5KiHuI=
golang.org/x/sys v0.0.0-20190412213103-97732733099d/go.mod h1:h1NjWce9XRLGQEsW7wpKNCjG9DtNlClVuFLEZdDNbEs=
golang.org/x/text v0.3.0/go.mod h1:NqM8EUOU14njkJ3fqMW+pc6Ldnwhi/IjpwHt7yyuwOQ=
gopkg.in/hlandau/easymetric.v1 v1.0.0 h1:ZbfbH7W3giuVDjWUoFhDOjjv20hiPr5HZ2yMV5f9IeE=
gopkg.in/hlandau/easymetric.v1 v1.0.0/go.mod h1:yh75hypuFzAxmvECh3ZKGCvFnIfapYJh2wv7ASaX2RE=
gopkg.in/hlandau/measurable.v1 v1.0.1 h1:wH5UZKCRUnRr1iD+xIZfwhtxhmr+bprRJttqA1Rklf4=
gopkg.in/hlandau/measurable.v1 v1.0.1/go.mod h1:6N+SYJGMTmetsx7wskULP+juuO+++tsHJkAgzvzsbuM=
gopkg.in/hlandau/passlib.v1 v1.0.9 h1:VfsIu2uKK6xsr9VHCtJtIgNuZ/RNUrIi67hxl8K/7Gg=
gopkg.in/hlandau/passlib.v1 v1.0.9/go.mod h1:wxGAv2CtQHlzWY8NJp+p045yl4WHyX7v2T6XbOcmqjM=
gopkg.in/hlandau/passlib.v1 v1.0.10 h1:q5xh9ZHp907XTjVw8/EqG03//fnlITnIYQmv4Gn7TpE=
gopkg.in/hlandau/passlib.v1 v1.0.10/go.mod h1:wxGAv2CtQHlzWY8NJp+p045yl4WHyX7v2T6XbOcmqjM=
gopkg.in/hlandau/passlib.v1 v1.0.11 h1:vKeHwGRdWBD9mm4bJ56GAAdBXpFUYvg/BYYkmphjnmA=
gopkg.in/hlandau/passlib.v1 v1.0.11/go.mod h1:wxGAv2CtQHlzWY8NJp+p045yl4WHyX7v2T6XbOcmqjM=
gopkg.in/yaml.v2 v2.0.0-20170208141851-a3f3340b5840 h1:BftvRMCaj0KX6UeD7gnNJv0W8b4HAYTEWes978CoWlY=
gopkg.in/yaml.v2 v2.0.0-20170208141851-a3f3340b5840/go.mod h1:JAlM8MvJe8wmxCU4Bli9HhUf9+ttbYbLASfIpnQbh74=
